
Microsoft Visual Studio Solution File, Format Version 12.00
# Visual Studio Version 17
VisualStudioVersion = 17.5.33627.172
MinimumVisualStudioVersion = 10.0.40219.1
Project("{FAE04EC0-301F-11D3-BF4B-00C04F79EFBC}") = "InterestLandscape.Api", "InterestLandscape.Api\InterestLandscape.Api.csproj", "{D748B40C-C54F-452A-A053-8B4BAF68DCA2}"
EndProject
Project("{FAE04EC0-301F-11D3-BF4B-00C04F79EFBC}") = "InterestLandscape.Domain", "InterestLandscape.Domain\InterestLandscape.Domain.csproj", "{E37036FD-B1CC-4A8B-AE1B-37ECFAD86595}"
EndProject
Project("{FAE04EC0-301F-11D3-BF4B-00C04F79EFBC}") = "InterestLandscape.Infrastructure", "InterestLandscape.Infrastructure\InterestLandscape.Infrastructure.csproj", "{E894EBC6-EF8C-4D91-BE47-7EEE71847AA3}"
EndProject
Global
	GlobalSection(SolutionConfigurationPlatforms) = preSolution
		Debug|Any CPU = Debug|Any CPU
		Release|Any CPU = Release|Any CPU
	EndGlobalSection
	GlobalSection(ProjectConfigurationPlatforms) = postSolution
		{D748B40C-C54F-452A-A053-8B4BAF68DCA2}.Debug|Any CPU.ActiveCfg = Debug|Any CPU
		{D748B40C-C54F-452A-A053-8B4BAF68DCA2}.Debug|Any CPU.Build.0 = Debug|Any CPU
		{D748B40C-C54F-452A-A053-8B4BAF68DCA2}.Release|Any CPU.ActiveCfg = Release|Any CPU
		{D748B40C-C54F-452A-A053-8B4BAF68DCA2}.Release|Any CPU.Build.0 = Release|Any CPU
		{E37036FD-B1CC-4A8B-AE1B-37ECFAD86595}.Debug|Any CPU.ActiveCfg = Debug|Any CPU
		{E37036FD-B1CC-4A8B-AE1B-37ECFAD86595}.Debug|Any CPU.Build.0 = Debug|Any CPU
		{E37036FD-B1CC-4A8B-AE1B-37ECFAD86595}.Release|Any CPU.ActiveCfg = Release|Any CPU
		{E37036FD-B1CC-4A8B-AE1B-37ECFAD86595}.Release|Any CPU.Build.0 = Release|Any CPU
		{E894EBC6-EF8C-4D91-BE47-7EEE71847AA3}.Debug|Any CPU.ActiveCfg = Debug|Any CPU
		{E894EBC6-EF8C-4D91-BE47-7EEE71847AA3}.Debug|Any CPU.Build.0 = Debug|Any CPU
		{E894EBC6-EF8C-4D91-BE47-7EEE71847AA3}.Release|Any CPU.ActiveCfg = Release|Any CPU
		{E894EBC6-EF8C-4D91-BE47-7EEE71847AA3}.Release|Any CPU.Build.0 = Release|Any CPU
	EndGlobalSection
	GlobalSection(SolutionProperties) = preSolution
		HideSolutionNode = FALSE
	EndGlobalSection
	GlobalSection(ExtensibilityGlobals) = postSolution
		SolutionGuid = {C19FFDC3-81BA-4545-8235-D5B9D4151413}
	EndGlobalSection
EndGlobal
